<?xml version="1.0" encoding="utf-8"?>
<Project ToolsVersion="4.0" xmlns="http://schemas.microsoft.com/developer/msbuild/2003">
  <ItemGroup>
    <Filter Include="src">
      <UniqueIdentifier>{fe476588-01a1-49c1-8c57-af22a34febd0}</UniqueIdentifier>
    </Filter>
    <Filter Include="src\Classes">
      <UniqueIdentifier>{2f53d054-804a-4abe-bf20-c58303d4d93b}</UniqueIdentifier>
    </Filter>
    <Filter Include="src\Classes\Containers">
      <UniqueIdentifier>{088628a2-27ee-4c07-be6a-74942ee848e8}</UniqueIdentifier>
    </Filter>
    <Filter Include="src\Classes\Algorithms">
      <UniqueIdentifier>{6e2e97f8-beff-4920-8e35-a716b8d274da}</UniqueIdentifier>
    </Filter>
  </ItemGroup>
  <ItemGroup>
    <ClCompile Include="src\Main.cpp">
      <Filter>src</Filter>
    </ClCompile>
    <ClCompile Include="src\Menu.cpp">
      <Filter>src</Filter>
    </ClCompile>
    <ClCompile Include="src\Classes\Solution1.cpp">
      <Filter>src\Classes</Filter>
    </ClCompile>
    <ClCompile Include="src\Classes\Containers\ContainerTests.cpp">
      <Filter>src\Classes\Containers</Filter>
    </ClCompile>
    <ClCompile Include="src\Classes\Algorithms\AlgorithmTests.cpp">
      <Filter>src\Classes\Algorithms</Filter>
    </ClCompile>
    <ClCompile Include="src\Classes\Algorithms\StandardAlgorithms.cpp">
      <Filter>src\Classes\Algorithms</Filter>
    </ClCompile>
  </ItemGroup>
  <ItemGroup>
    <ClInclude Include="src\Menu.h">
      <Filter>src</Filter>
    </ClInclude>
    <ClInclude Include="src\Classes\Solution1.h">
      <Filter>src\Classes</Filter>
    </ClInclude>
    <ClInclude Include="src\Classes\Containers\ArrayStack.h">
      <Filter>src\Classes\Containers</Filter>
    </ClInclude>
    <ClInclude Include="src\Classes\Containers\ListStack.h">
      <Filter>src\Classes\Containers</Filter>
    </ClInclude>
    <ClInclude Include="src\Classes\Containers\ContainerTests.h">
      <Filter>src\Classes\Containers</Filter>
    </ClInclude>
    <ClInclude Include="src\Classes\Containers\ListQueue.h">
      <Filter>src\Classes\Containers</Filter>
    </ClInclude>
    <ClInclude Include="src\Classes\Containers\LinkedList.h">
      <Filter>src\Classes\Containers</Filter>
    </ClInclude>
    <ClInclude Include="src\Classes\Containers\TreeMap.h">
      <Filter>src\Classes\Containers</Filter>
    </ClInclude>
    <ClInclude Include="src\Classes\Algorithms\AlgorithmTests.h">
      <Filter>src\Classes\Algorithms</Filter>
    </ClInclude>
    <ClInclude Include="src\Classes\Algorithms\StandardAlgorithms.h">
      <Filter>src\Classes\Algorithms</Filter>
    </ClInclude>
  </ItemGroup>
</Project>